Microsoft Visual Studio Solution File, Format Version 11.00
# Visual Studio 2008

Project("{D618D9BE-50E3-7ADF-2609-35938E49AF96}") = "Padlock", "Assembly-CSharp.csproj", "{D1D82140-A614-B6C9-1CD6-6DC1C9055452}"
EndProject
Global
	GlobalSection(SolutionConfigurationPlatforms) = preSolution
		Debug|Any CPU = Debug|Any CPU
		Release|Any CPU = Release|Any CPU
	EndGlobalSection
	GlobalSection(ProjectConfigurationPlatforms) = postSolution
		{D1D82140-A614-B6C9-1CD6-6DC1C9055452}.Debug|Any CPU.ActiveCfg = Debug|Any CPU
		{D1D82140-A614-B6C9-1CD6-6DC1C9055452}.Debug|Any CPU.Build.0 = Debug|Any CPU
		{D1D82140-A614-B6C9-1CD6-6DC1C9055452}.Release|Any CPU.ActiveCfg = Release|Any CPU
		{D1D82140-A614-B6C9-1CD6-6DC1C9055452}.Release|Any CPU.Build.0 = Release|Any CPU
	EndGlobalSection
	GlobalSection(SolutionProperties) = preSolution
		HideSolutionNode = FALSE
	EndGlobalSection
	GlobalSection(MonoDevelopProperties) = preSolution
		StartupItem = Assembly-CSharp.csproj
	EndGlobalSection
EndGlobal
